
Microsoft Visual Studio Solution File, Format Version 12.00
# Visual Studio Version 16
VisualStudioVersion = 16.0.33027.164
MinimumVisualStudioVersion = 10.0.40219.1
Project("{FAE04EC0-301F-11D3-BF4B-00C04F79EFBC}") = "My_Project_PP02", "My_Project_PP02\My_Project_PP02.csproj", "{518F5CA3-E8AE-498B-AD96-58C18767A9AF}"
EndProject
Global
	GlobalSection(SolutionConfigurationPlatforms) = preSolution
		Debug|Any CPU = Debug|Any CPU
		Release|Any CPU = Release|Any CPU
	EndGlobalSection
	GlobalSection(ProjectConfigurationPlatforms) = postSolution
		{518F5CA3-E8AE-498B-AD96-58C18767A9AF}.Debug|Any CPU.ActiveCfg = Debug|Any CPU
		{518F5CA3-E8AE-498B-AD96-58C18767A9AF}.Debug|Any CPU.Build.0 = Debug|Any CPU
		{518F5CA3-E8AE-498B-AD96-58C18767A9AF}.Release|Any CPU.ActiveCfg = Release|Any CPU
		{518F5CA3-E8AE-498B-AD96-58C18767A9AF}.Release|Any CPU.Build.0 = Release|Any CPU
	EndGlobalSection
	GlobalSection(SolutionProperties) = preSolution
		HideSolutionNode = FALSE
	EndGlobalSection
	GlobalSection(ExtensibilityGlobals) = postSolution
		SolutionGuid = {52F7237C-16C4-43D8-B47C-3AC7756B5EE6}
	EndGlobalSection
EndGlobal
